
Microsoft Visual Studio Solution File, Format Version 12.00
# Visual Studio Version 17
VisualStudioVersion = 17.5.002.0
MinimumVisualStudioVersion = 10.0.40219.1
Project("{9A19103F-16F7-4668-BE54-9A1E7A4F7556}") = "app-rvprod-test", "app-rvprod-test.csproj", "{753CA91E-BB3C-40E4-B73B-FC12EF910F61}"
EndProject
Global
	GlobalSection(SolutionConfigurationPlatforms) = preSolution
		Debug|Any CPU = Debug|Any CPU
		Release|Any CPU = Release|Any CPU
	EndGlobalSection
	GlobalSection(ProjectConfigurationPlatforms) = postSolution
		{753CA91E-BB3C-40E4-B73B-FC12EF910F61}.Debug|Any CPU.ActiveCfg = Debug|Any CPU
		{753CA91E-BB3C-40E4-B73B-FC12EF910F61}.Debug|Any CPU.Build.0 = Debug|Any CPU
		{753CA91E-BB3C-40E4-B73B-FC12EF910F61}.Release|Any CPU.ActiveCfg = Release|Any CPU
		{753CA91E-BB3C-40E4-B73B-FC12EF910F61}.Release|Any CPU.Build.0 = Release|Any CPU
	EndGlobalSection
	GlobalSection(SolutionProperties) = preSolution
		HideSolutionNode = FALSE
	EndGlobalSection
	GlobalSection(ExtensibilityGlobals) = postSolution
		SolutionGuid = {C5A43A7B-7657-4F85-99E4-F0F11DC8B35E}
	EndGlobalSection
EndGlobal
